// !$*UTF8*$!
{
	archiveVersion = 1;
	classes = {
	};
	objectVersion = 55;
	objects = {

/* Begin PBXBuildFile section */
		5E070FB42C9D485E002C69B0 /* RootViewController.swift in Sources */ = {isa = PBXBuildFile; fileRef = 5E070FB32C9D485E002C69B0 /* RootViewController.swift */; };
		5E070FB72C9D48E3002C69B0 /* SplashViewController.swift in Sources */ = {isa = PBXBuildFile; fileRef = 5E070FB52C9D48E3002C69B0 /* SplashViewController.swift */; };
		5E070FB82C9D48E3002C69B0 /* SplashViewController.xib in Resources */ = {isa = PBXBuildFile; fileRef = 5E070FB62C9D48E3002C69B0 /* SplashViewController.xib */; };
		5EA0D8192C9C19180015B40E /* AppDelegate.swift in Sources */ = {isa = PBXBuildFile; fileRef = 5EA0D8182C9C19180015B40E /* AppDelegate.swift */; };
		5EA0D81B2C9C19180015B40E /* SceneDelegate.swift in Sources */ = {isa = PBXBuildFile; fileRef = 5EA0D81A2C9C19180015B40E /* SceneDelegate.swift */; };
		5EA0D8222C9C191B0015B40E /* Assets.xcassets in Resources */ = {isa = PBXBuildFile; fileRef = 5EA0D8212C9C191B0015B40E /* Assets.xcassets */; };
		5EA0D8252C9C191B0015B40E /* LaunchScreen.storyboard in Resources */ = {isa = PBXBuildFile; fileRef = 5EA0D8232C9C191B0015B40E /* LaunchScreen.storyboard */; };
/* End PBXBuildFile section */

/* Begin PBXFileReference section */
		5E070FB32C9D485E002C69B0 /* RootViewController.swift */ = {isa = PBXFileReference; lastKnownFileType = sourcecode.swift; path = RootViewController.swift; sourceTree = "<group>"; };
		5E070FB52C9D48E3002C69B0 /* SplashViewController.swift */ = {isa = PBXFileReference; lastKnownFileType = sourcecode.swift; path = SplashViewController.swift; sourceTree = "<group>"; };
		5E070FB62C9D48E3002C69B0 /* SplashViewController.xib */ = {isa = PBXFileReference; lastKnownFileType = file.xib; path = SplashViewController.xib; sourceTree = "<group>"; };
		5EA0D8152C9C19180015B40E /* Slack-App.app */ = {isa = PBXFileReference; explicitFileType = wrapper.application; includeInIndex = 0; path = "Slack-App.app"; sourceTree = BUILT_PRODUCTS_DIR; };
		5EA0D8182C9C19180015B40E /* AppDelegate.swift */ = {isa = PBXFileReference; lastKnownFileType = sourcecode.swift; path = AppDelegate.swift; sourceTree = "<group>"; };
		5EA0D81A2C9C19180015B40E /* SceneDelegate.swift */ = {isa = PBXFileReference; lastKnownFileType = sourcecode.swift; path = SceneDelegate.swift; sourceTree = "<group>"; };
		5EA0D8212C9C191B0015B40E /* Assets.xcassets */ = {isa = PBXFileReference; lastKnownFileType = folder.assetcatalog; path = Assets.xcassets; sourceTree = "<group>"; };
		5EA0D8242C9C191B0015B40E /* Base */ = {isa = PBXFileReference; lastKnownFileType = file.storyboard; name = Base; path = Base.lproj/LaunchScreen.storyboard; sourceTree = "<group>"; };
		5EA0D8262C9C191B0015B40E /* Info.plist */ = {isa = PBXFileReference; lastKnownFileType = text.plist.xml; path = Info.plist; sourceTree = "<group>"; };
/* End PBXFileReference section */

/* Begin PBXFrameworksBuildPhase section */
		5EA0D8122C9C19180015B40E /* Frameworks */ = {
			isa = PBXFrameworksBuildPhase;
			buildActionMask = 2147483647;
			files = (
			);
			runOnlyForDeploymentPostprocessing = 0;
		};
/* End PBXFrameworksBuildPhase section */

/* Begin PBXGroup section */
		5E070FAB2C9D3ED3002C69B0 /* Application */ = {
			isa = PBXGroup;
			children = (
				5EA0D8182C9C19180015B40E /* AppDelegate.swift */,
				5EA0D81A2C9C19180015B40E /* SceneDelegate.swift */,
			);
			path = Application;
			sourceTree = "<group>";
		};
		5E070FAC2C9D41C7002C69B0 /* Data */ = {
			isa = PBXGroup;
			children = (
			);
			path = Data;
			sourceTree = "<group>";
		};
		5E070FAD2C9D41DB002C69B0 /* Domain */ = {
			isa = PBXGroup;
			children = (
			);
			path = Domain;
			sourceTree = "<group>";
		};
		5E070FAE2C9D41EE002C69B0 /* Presentation */ = {
			isa = PBXGroup;
			children = (
				5E070FB22C9D4840002C69B0 /* Root */,
				5E070FAF2C9D420F002C69B0 /* Splash */,
			);
			path = Presentation;
			sourceTree = "<group>";
		};
		5E070FAF2C9D420F002C69B0 /* Splash */ = {
			isa = PBXGroup;
			children = (
				5E070FB12C9D4243002C69B0 /* Presenter */,
				5E070FB02C9D4228002C69B0 /* ViewController */,
			);
			path = Splash;
			sourceTree = "<group>";
		};
		5E070FB02C9D4228002C69B0 /* ViewController */ = {
			isa = PBXGroup;
			children = (
				5E070FB52C9D48E3002C69B0 /* SplashViewController.swift */,
				5E070FB62C9D48E3002C69B0 /* SplashViewController.xib */,
			);
			path = ViewController;
			sourceTree = "<group>";
		};
		5E070FB12C9D4243002C69B0 /* Presenter */ = {
			isa = PBXGroup;
			children = (
			);
			path = Presenter;
			sourceTree = "<group>";
		};
		5E070FB22C9D4840002C69B0 /* Root */ = {
			isa = PBXGroup;
			children = (
				5E070FB32C9D485E002C69B0 /* RootViewController.swift */,
			);
			path = Root;
			sourceTree = "<group>";
		};
		5EA0D80C2C9C19170015B40E = {
			isa = PBXGroup;
			children = (
				5EA0D8172C9C19180015B40E /* Slack-App */,
				5EA0D8162C9C19180015B40E /* Products */,
			);
			sourceTree = "<group>";
		};
		5EA0D8162C9C19180015B40E /* Products */ = {
			isa = PBXGroup;
			children = (
				5EA0D8152C9C19180015B40E /* Slack-App.app */,
			);
			name = Products;
			sourceTree = "<group>";
		};
		5EA0D8172C9C19180015B40E /* Slack-App */ = {
			isa = PBXGroup;
			children = (
				5E070FAB2C9D3ED3002C69B0 /* Application */,
				5E070FAC2C9D41C7002C69B0 /* Data */,
				5E070FAD2C9D41DB002C69B0 /* Domain */,
				5E070FAE2C9D41EE002C69B0 /* Presentation */,
				5EA0D8212C9C191B0015B40E /* Assets.xcassets */,
				5EA0D8232C9C191B0015B40E /* LaunchScreen.storyboard */,
				5EA0D8262C9C191B0015B40E /* Info.plist */,
			);
			path = "Slack-App";
			sourceTree = "<group>";
		};
/* End PBXGroup section */

/* Begin PBXNativeTarget section */
		5EA0D8142C9C19180015B40E /* Slack-App */ = {
			isa = PBXNativeTarget;
			buildConfigurationList = 5EA0D8292C9C191B0015B40E /* Build configuration list for PBXNativeTarget "Slack-App" */;
			buildPhases = (
				5EA0D8112C9C19180015B40E /* Sources */,
				5EA0D8122C9C19180015B40E /* Frameworks */,
				5EA0D8132C9C19180015B40E /* Resources */,
			);
			buildRules = (
			);
			dependencies = (
			);
			name = "Slack-App";
			productName = "Slack-App";
			productReference = 5EA0D8152C9C19180015B40E /* Slack-App.app */;
			productType = "com.apple.product-type.application";
		};
/* End PBXNativeTarget section */

/* Begin PBXProject section */
		5EA0D80D2C9C19170015B40E /* Project object */ = {
			isa = PBXProject;
			attributes = {
				BuildIndependentTargetsInParallel = 1;
				LastSwiftUpdateCheck = 1330;
				LastUpgradeCheck = 1330;
				TargetAttributes = {
					5EA0D8142C9C19180015B40E = {
						CreatedOnToolsVersion = 13.3.1;
					};
				};
			};
			buildConfigurationList = 5EA0D8102C9C19170015B40E /* Build configuration list for PBXProject "Slack-App" */;
			compatibilityVersion = "Xcode 13.0";
			developmentRegion = en;
			hasScannedForEncodings = 0;
			knownRegions = (
				en,
				Base,
			);
			mainGroup = 5EA0D80C2C9C19170015B40E;
			productRefGroup = 5EA0D8162C9C19180015B40E /* Products */;
			projectDirPath = "";
			projectRoot = "";
			targets = (
				5EA0D8142C9C19180015B40E /* Slack-App */,
			);
		};
/* End PBXProject section */

/* Begin PBXResourcesBuildPhase section */
		5EA0D8132C9C19180015B40E /* Resources */ = {
			isa = PBXResourcesBuildPhase;
			buildActionMask = 2147483647;
			files = (
				5EA0D8252C9C191B0015B40E /* LaunchScreen.storyboard in Resources */,
				5E070FB82C9D48E3002C69B0 /* SplashViewController.xib in Resources */,
				5EA0D8222C9C191B0015B40E /* Assets.xcassets in Resources */,
			);
			runOnlyForDeploymentPostprocessing = 0;
		};
/* End PBXResourcesBuildPhase section */

/* Begin PBXSourcesBuildPhase section */
		5EA0D8112C9C19180015B40E /* Sources */ = {
			isa = PBXSourcesBuildPhase;
			buildActionMask = 2147483647;
			files = (
				5EA0D8192C9C19180015B40E /* AppDelegate.swift in Sources */,
				5E070FB42C9D485E002C69B0 /* RootViewController.swift in Sources */,
				5EA0D81B2C9C19180015B40E /* SceneDelegate.swift in Sources */,
				5E070FB72C9D48E3002C69B0 /* SplashViewController.swift in Sources */,
			);
			runOnlyForDeploymentPostprocessing = 0;
		};
/* End PBXSourcesBuildPhase section */

/* Begin PBXVariantGroup section */
		5EA0D8232C9C191B0015B40E /* LaunchScreen.storyboard */ = {
			isa = PBXVariantGroup;
			children = (
				5EA0D8242C9C191B0015B40E /* Base */,
			);
			name = LaunchScreen.storyboard;
			sourceTree = "<group>";
		};
/* End PBXVariantGroup section */

/* Begin XCBuildConfiguration section */
		5EA0D8272C9C191B0015B40E /* Debug */ = {
			isa = XCBuildConfiguration;
			buildSettings = {
				ALWAYS_SEARCH_USER_PATHS = NO;
				CLANG_ANALYZER_NONNULL = YES;
				CLANG_ANALYZER_NUMBER_OBJECT_CONVERSION = YES_AGGRESSIVE;
				CLANG_CXX_LANGUAGE_STANDARD = "gnu++17";
				CLANG_ENABLE_MODULES = YES;
				CLANG_ENABLE_OBJC_ARC = YES;
				CLANG_ENABLE_OBJC_WEAK = YES;
				CLANG_WARN_BLOCK_CAPTURE_AUTORELEASING = YES;
				CLANG_WARN_BOOL_CONVERSION = YES;
				CLANG_WARN_COMMA = YES;
				CLANG_WARN_CONSTANT_CONVERSION = YES;
				CLANG_WARN_DEPRECATED_OBJC_IMPLEMENTATIONS = YES;
				CLANG_WARN_DIRECT_OBJC_ISA_USAGE = YES_ERROR;
				CLANG_WARN_DOCUMENTATION_COMMENTS = YES;
				CLANG_WARN_EMPTY_BODY = YES;
				CLANG_WARN_ENUM_CONVERSION = YES;
				CLANG_WARN_INFINITE_RECURSION = YES;
				CLANG_WARN_INT_CONVERSION = YES;
				CLANG_WARN_NON_LITERAL_NULL_CONVERSION = YES;
				CLANG_WARN_OBJC_IMPLICIT_RETAIN_SELF = YES;
				CLANG_WARN_OBJC_LITERAL_CONVERSION = YES;
				CLANG_WARN_OBJC_ROOT_CLASS = YES_ERROR;
				CLANG_WARN_QUOTED_INCLUDE_IN_FRAMEWORK_HEADER = YES;
				CLANG_WARN_RANGE_LOOP_ANALYSIS = YES;
				CLANG_WARN_STRICT_PROTOTYPES = YES;
				CLANG_WARN_SUSPICIOUS_MOVE = YES;
				CLANG_WARN_UNGUARDED_AVAILABILITY = YES_AGGRESSIVE;
				CLANG_WARN_UNREACHABLE_CODE = YES;
				CLANG_WARN__DUPLICATE_METHOD_MATCH = YES;
				COPY_PHASE_STRIP = NO;
				DEBUG_INFORMATION_FORMAT = dwarf;
				ENABLE_STRICT_OBJC_MSGSEND = YES;
				ENABLE_TESTABILITY = YES;
				GCC_C_LANGUAGE_STANDARD = gnu11;
				GCC_DYNAMIC_NO_PIC = NO;
				GCC_NO_COMMON_BLOCKS = YES;
				GCC_OPTIMIZATION_LEVEL = 0;
				GCC_PREPROCESSOR_DEFINITIONS = (
					"DEBUG=1",
					"$(inherited)",
				);
				GCC_WARN_64_TO_32_BIT_CONVERSION = YES;
				GCC_WARN_ABOUT_RETURN_TYPE = YES_ERROR;
				GCC_WARN_UNDECLARED_SELECTOR = YES;
				GCC_WARN_UNINITIALIZED_AUTOS = YES_AGGRESSIVE;
				GCC_WARN_UNUSED_FUNCTION = YES;
				GCC_WARN_UNUSED_VARIABLE = YES;
				IPHONEOS_DEPLOYMENT_TARGET = 15.4;
				MTL_ENABLE_DEBUG_INFO = INCLUDE_SOURCE;
				MTL_FAST_MATH = YES;
				ONLY_ACTIVE_ARCH = YES;
				SDKROOT = iphoneos;
				SWIFT_ACTIVE_COMPILATION_CONDITIONS = DEBUG;
				SWIFT_OPTIMIZATION_LEVEL = "-Onone";
			};
			name = Debug;
		};
		5EA0D8282C9C191B0015B40E /* Release */ = {
			isa = XCBuildConfiguration;
			buildSettings = {
				ALWAYS_SEARCH_USER_PATHS = NO;
				CLANG_ANALYZER_NONNULL = YES;
				CLANG_ANALYZER_NUMBER_OBJECT_CONVERSION = YES_AGGRESSIVE;
				CLANG_CXX_LANGUAGE_STANDARD = "gnu++17";
				CLANG_ENABLE_MODULES = YES;
				CLANG_ENABLE_OBJC_ARC = YES;
				CLANG_ENABLE_OBJC_WEAK = YES;
				CLANG_WARN_BLOCK_CAPTURE_AUTORELEASING = YES;
				CLANG_WARN_BOOL_CONVERSION = YES;
				CLANG_WARN_COMMA = YES;
				CLANG_WARN_CONSTANT_CONVERSION = YES;
				CLANG_WARN_DEPRECATED_OBJC_IMPLEMENTATIONS = YES;
				CLANG_WARN_DIRECT_OBJC_ISA_USAGE = YES_ERROR;
				CLANG_WARN_DOCUMENTATION_COMMENTS = YES;
				CLANG_WARN_EMPTY_BODY = YES;
				CLANG_WARN_ENUM_CONVERSION = YES;
				CLANG_WARN_INFINITE_RECURSION = YES;
				CLANG_WARN_INT_CONVERSION = YES;
				CLANG_WARN_NON_LITERAL_NULL_CONVERSION = YES;
				CLANG_WARN_OBJC_IMPLICIT_RETAIN_SELF = YES;
				CLANG_WARN_OBJC_LITERAL_CONVERSION = YES;
				CLANG_WARN_OBJC_ROOT_CLASS = YES_ERROR;
				CLANG_WARN_QUOTED_INCLUDE_IN_FRAMEWORK_HEADER = YES;
				CLANG_WARN_RANGE_LOOP_ANALYSIS = YES;
				CLANG_WARN_STRICT_PROTOTYPES = YES;
				CLANG_WARN_SUSPICIOUS_MOVE = YES;
				CLANG_WARN_UNGUARDED_AVAILABILITY = YES_AGGRESSIVE;
				CLANG_WARN_UNREACHABLE_CODE = YES;
				CLANG_WARN__DUPLICATE_METHOD_MATCH = YES;
				COPY_PHASE_STRIP = NO;
				DEBUG_INFORMATION_FORMAT = "dwarf-with-dsym";
				ENABLE_NS_ASSERTIONS = NO;
				ENABLE_STRICT_OBJC_MSGSEND = YES;
				GCC_C_LANGUAGE_STANDARD = gnu11;
				GCC_NO_COMMON_BLOCKS = YES;
				GCC_WARN_64_TO_32_BIT_CONVERSION = YES;
				GCC_WARN_ABOUT_RETURN_TYPE = YES_ERROR;
				GCC_WARN_UNDECLARED_SELECTOR = YES;
				GCC_WARN_UNINITIALIZED_AUTOS = YES_AGGRESSIVE;
				GCC_WARN_UNUSED_FUNCTION = YES;
				GCC_WARN_UNUSED_VARIABLE = YES;
				IPHONEOS_DEPLOYMENT_TARGET = 15.4;
				MTL_ENABLE_DEBUG_INFO = NO;
				MTL_FAST_MATH = YES;
				SDKROOT = iphoneos;
				SWIFT_COMPILATION_MODE = wholemodule;
				SWIFT_OPTIMIZATION_LEVEL = "-O";
				VALIDATE_PRODUCT = YES;
			};
			name = Release;
		};
		5EA0D82A2C9C191B0015B40E /* Debug */ = {
			isa = XCBuildConfiguration;
			buildSettings = {
				ASSETCATALOG_COMPILER_APPICON_NAME = AppIcon;
				ASSETCATALOG_COMPILER_GLOBAL_ACCENT_COLOR_NAME = AccentColor;
				CODE_SIGN_STYLE = Automatic;
				CURRENT_PROJECT_VERSION = 1;
				DEVELOPMENT_TEAM = N57UFUB5D6;
				GENERATE_INFOPLIST_FILE = YES;
				INFOPLIST_FILE = "Slack-App/Info.plist";
				INFOPLIST_KEY_UIApplicationSupportsIndirectInputEvents = YES;
				INFOPLIST_KEY_UILaunchStoryboardName = LaunchScreen;
				INFOPLIST_KEY_UISupportedInterfaceOrientations_iPad = "UIInterfaceOrientationPortrait UIInterfaceOrientationPortraitUpsideDown UIInterfaceOrientationLandscapeLeft UIInterfaceOrientationLandscapeRight";
				INFOPLIST_KEY_UISupportedInterfaceOrientations_iPhone = "UIInterfaceOrientationPortrait UIInterfaceOrientationLandscapeLeft UIInterfaceOrientationLandscapeRight";
				LD_RUNPATH_SEARCH_PATHS = (
					"$(inherited)",
					"@executable_path/Frameworks",
				);
				MARKETING_VERSION = 1.0;
				PRODUCT_BUNDLE_IDENTIFIER = "com.minato.Slack-App";
				PRODUCT_NAME = "$(TARGET_NAME)";
				SWIFT_EMIT_LOC_STRINGS = YES;
				SWIFT_VERSION = 5.0;
				TARGETED_DEVICE_FAMILY = "1,2";
			};
			name = Debug;
		};
		5EA0D82B2C9C191B0015B40E /* Release */ = {
			isa = XCBuildConfiguration;
			buildSettings = {
				ASSETCATALOG_COMPILER_APPICON_NAME = AppIcon;
				ASSETCATALOG_COMPILER_GLOBAL_ACCENT_COLOR_NAME = AccentColor;
				CODE_SIGN_STYLE = Automatic;
				CURRENT_PROJECT_VERSION = 1;
				DEVELOPMENT_TEAM = N57UFUB5D6;
				GENERATE_INFOPLIST_FILE = YES;
				INFOPLIST_FILE = "Slack-App/Info.plist";
				INFOPLIST_KEY_UIApplicationSupportsIndirectInputEvents = YES;
				INFOPLIST_KEY_UILaunchStoryboardName = LaunchScreen;
				INFOPLIST_KEY_UISupportedInterfaceOrientations_iPad = "UIInterfaceOrientationPortrait UIInterfaceOrientationPortraitUpsideDown UIInterfaceOrientationLandscapeLeft UIInterfaceOrientationLandscapeRight";
				INFOPLIST_KEY_UISupportedInterfaceOrientations_iPhone = "UIInterfaceOrientationPortrait UIInterfaceOrientationLandscapeLeft UIInterfaceOrientationLandscapeRight";
				LD_RUNPATH_SEARCH_PATHS = (
					"$(inherited)",
					"@executable_path/Frameworks",
				);
				MARKETING_VERSION = 1.0;
				PRODUCT_BUNDLE_IDENTIFIER = "com.minato.Slack-App";
				PRODUCT_NAME = "$(TARGET_NAME)";
				SWIFT_EMIT_LOC_STRINGS = YES;
				SWIFT_VERSION = 5.0;
				TARGETED_DEVICE_FAMILY = "1,2";
			};
			name = Release;
		};
/* End XCBuildConfiguration section */

/* Begin XCConfigurationList section */
		5EA0D8102C9C19170015B40E /* Build configuration list for PBXProject "Slack-App" */ = {
			isa = XCConfigurationList;
			buildConfigurations = (
				5EA0D8272C9C191B0015B40E /* Debug */,
				5EA0D8282C9C191B0015B40E /* Release */,
			);
			defaultConfigurationIsVisible = 0;
			defaultConfigurationName = Release;
		};
		5EA0D8292C9C191B0015B40E /* Build configuration list for PBXNativeTarget "Slack-App" */ = {
			isa = XCConfigurationList;
			buildConfigurations = (
				5EA0D82A2C9C191B0015B40E /* Debug */,
				5EA0D82B2C9C191B0015B40E /* Release */,
			);
			defaultConfigurationIsVisible = 0;
			defaultConfigurationName = Release;
		};
/* End XCConfigurationList section */
	};
	rootObject = 5EA0D80D2C9C19170015B40E /* Project object */;
}
